{
  "name": "tapesafe_hw",
  "version": "1.0.0",
  "lockfileVersion": 3,
  "requires": true,
  "packages": {
    "": {
      "name": "tapesafe_hw",
      "version": "1.0.0",
      "license": "ISC",
      "dependencies": {
        "@yowasp/yosys": "^0.70.62-dev.1236"
      }
    },
    "node_modules/@yowasp/yosys": {
      "version": "0.70.62-dev.1236",
      "resolved": "https://registry.npmjs.org/@yowasp/yosys/-/yosys-0.70.62-dev.1236.tgz",
      "integrity": "sha512-WHdf7CuCZG49jw4A41qK8pFOQYlzLGPAGj8uDIjYn7EaRDDVBmSg27F9vDQjhO/RulTEG6DcBaE81tHiZ01ffg==",
      "license": "ISC"
    }
  }
}
